// !$*UTF8*$!
{
	archiveVersion = 1;
	classes = {
	};
	objectVersion = 50;
	objects = {

/* Begin PBXBuildFile section */
		25284EAD215F2759002D59F5 /* AppDelegate+Extension.m in Sources */ = {isa = PBXBuildFile; fileRef = 25284EA4215F2759002D59F5 /* AppDelegate+Extension.m */; };
		25284EAE215F2759002D59F5 /* LCButton.m in Sources */ = {isa = PBXBuildFile; fileRef = 25284EA8215F2759002D59F5 /* LCButton.m */; };
		25284EAF215F2759002D59F5 /* LCTextView.m in Sources */ = {isa = PBXBuildFile; fileRef = 25284EA9215F2759002D59F5 /* LCTextView.m */; };
		25284EB0215F2759002D59F5 /* LCWebview.m in Sources */ = {isa = PBXBuildFile; fileRef = 25284EAB215F2759002D59F5 /* LCWebview.m */; };
		2574AC0A215F1DB5004EB71E /* AppDelegate.m in Sources */ = {isa = PBXBuildFile; fileRef = 2574AC09215F1DB5004EB71E /* AppDelegate.m */; };
		2574AC0D215F1DB5004EB71E /* ViewController.m in Sources */ = {isa = PBXBuildFile; fileRef = 2574AC0C215F1DB5004EB71E /* ViewController.m */; };
		2574AC10215F1DB5004EB71E /* Main.storyboard in Resources */ = {isa = PBXBuildFile; fileRef = 2574AC0E215F1DB5004EB71E /* Main.storyboard */; };
		2574AC12215F1DB6004EB71E /* Assets.xcassets in Resources */ = {isa = PBXBuildFile; fileRef = 2574AC11215F1DB6004EB71E /* Assets.xcassets */; };
		2574AC15215F1DB6004EB71E /* LaunchScreen.storyboard in Resources */ = {isa = PBXBuildFile; fileRef = 2574AC13215F1DB6004EB71E /* LaunchScreen.storyboard */; };
		2574AC18215F1DB6004EB71E /* main.m in Sources */ = {isa = PBXBuildFile; fileRef = 2574AC17215F1DB6004EB71E /* main.m */; };
		259F5CED215F20BE00717366 /* SettingViewController.m in Sources */ = {isa = PBXBuildFile; fileRef = 259F5CC6215F20BD00717366 /* SettingViewController.m */; };
		259F5CEE215F20BE00717366 /* DetailAnimationViewController.m in Sources */ = {isa = PBXBuildFile; fileRef = 259F5CC9215F20BD00717366 /* DetailAnimationViewController.m */; };
		259F5CEF215F20BE00717366 /* AnimationTableViewController.m in Sources */ = {isa = PBXBuildFile; fileRef = 259F5CCA215F20BD00717366 /* AnimationTableViewController.m */; };
		259F5CF0215F20BE00717366 /* ListTableViewController.m in Sources */ = {isa = PBXBuildFile; fileRef = 259F5CCD215F20BD00717366 /* ListTableViewController.m */; };
		259F5CF1215F20BE00717366 /* MainTabBarViewController.m in Sources */ = {isa = PBXBuildFile; fileRef = 259F5CD1215F20BD00717366 /* MainTabBarViewController.m */; };
		259F5CF2215F20BE00717366 /* SCTTextviewViewController.m in Sources */ = {isa = PBXBuildFile; fileRef = 259F5CD3215F20BD00717366 /* SCTTextviewViewController.m */; };
		259F5CF3215F20BE00717366 /* CommonUIViewController.m in Sources */ = {isa = PBXBuildFile; fileRef = 259F5CD5215F20BD00717366 /* CommonUIViewController.m */; };
		259F5CF4215F20BE00717366 /* LCWebViewController.m in Sources */ = {isa = PBXBuildFile; fileRef = 259F5CD8215F20BD00717366 /* LCWebViewController.m */; };
		259F5CF5215F20BE00717366 /* SendEmailTableViewController.m in Sources */ = {isa = PBXBuildFile; fileRef = 259F5CDB215F20BD00717366 /* SendEmailTableViewController.m */; };
		259F5CF6215F20BE00717366 /* EmailDetailViewController.m in Sources */ = {isa = PBXBuildFile; fileRef = 259F5CDD215F20BD00717366 /* EmailDetailViewController.m */; };
		259F5CF7215F20BE00717366 /* DetailAnimationViewController.m in Sources */ = {isa = PBXBuildFile; fileRef = 259F5CDF215F20BD00717366 /* DetailAnimationViewController.m */; };
		259F5CF8215F20BE00717366 /* CustomBadgeViewController.m in Sources */ = {isa = PBXBuildFile; fileRef = 259F5CE2215F20BD00717366 /* CustomBadgeViewController.m */; };
		259F5CF9215F20BE00717366 /* CustomBadgeView.m in Sources */ = {isa = PBXBuildFile; fileRef = 259F5CE5215F20BD00717366 /* CustomBadgeView.m */; };
		259F5CFA215F20BE00717366 /* BaseViewController.m in Sources */ = {isa = PBXBuildFile; fileRef = 259F5CE6215F20BD00717366 /* BaseViewController.m */; };
		259F5CFB215F20BE00717366 /* HomeViewController.m in Sources */ = {isa = PBXBuildFile; fileRef = 259F5CE7215F20BD00717366 /* HomeViewController.m */; };
		259F5CFC215F20BE00717366 /* AnimationTableViewController.m in Sources */ = {isa = PBXBuildFile; fileRef = 259F5CE9215F20BD00717366 /* AnimationTableViewController.m */; };
		259F5CFD215F20BE00717366 /* ListTableViewController.m in Sources */ = {isa = PBXBuildFile; fileRef = 259F5CEA215F20BE00717366 /* ListTableViewController.m */; };
		259F5CFE215F20BE00717366 /* MainNavigationController.m in Sources */ = {isa = PBXBuildFile; fileRef = 259F5CEC215F20BE00717366 /* MainNavigationController.m */; };
		B00B918FDCE61E4CB8128A21 /* libPods-LCBeeSDKExample.a in Frameworks */ = {isa = PBXBuildFile; fileRef = 6B436A5270CDF7E753D93164 /* libPods-LCBeeSDKExample.a */; };
/* End PBXBuildFile section */

/* Begin PBXFileReference section */
		2521AA1CFC4EAC216C352B5A /* Pods-LCBeeSDKExample.debug.xcconfig */ = {isa = PBXFileReference; includeInIndex = 1; lastKnownFileType = text.xcconfig; name = "Pods-LCBeeSDKExample.debug.xcconfig"; path = "Pods/Target Support Files/Pods-LCBeeSDKExample/Pods-LCBeeSDKExample.debug.xcconfig"; sourceTree = "<group>"; };
		25284EA4215F2759002D59F5 /* AppDelegate+Extension.m */ = {isa = PBXFileReference; fileEncoding = 4; lastKnownFileType = sourcecode.c.objc; path = "AppDelegate+Extension.m"; sourceTree = "<group>"; };
		25284EA5215F2759002D59F5 /* AppDelegate+Extension.h */ = {isa = PBXFileReference; fileEncoding = 4; lastKnownFileType = sourcecode.c.h; path = "AppDelegate+Extension.h"; sourceTree = "<group>"; };
		25284EA7215F2759002D59F5 /* LCWebview.h */ = {isa = PBXFileReference; fileEncoding = 4; lastKnownFileType = sourcecode.c.h; path = LCWebview.h; sourceTree = "<group>"; };
		25284EA8215F2759002D59F5 /* LCButton.m */ = {isa = PBXFileReference; fileEncoding = 4; lastKnownFileType = sourcecode.c.objc; path = LCButton.m; sourceTree = "<group>"; };
		25284EA9215F2759002D59F5 /* LCTextView.m */ = {isa = PBXFileReference; fileEncoding = 4; lastKnownFileType = sourcecode.c.objc; path = LCTextView.m; sourceTree = "<group>"; };
		25284EAA215F2759002D59F5 /* LCButton.h */ = {isa = PBXFileReference; fileEncoding = 4; lastKnownFileType = sourcecode.c.h; path = LCButton.h; sourceTree = "<group>"; };
		25284EAB215F2759002D59F5 /* LCWebview.m */ = {isa = PBXFileReference; fileEncoding = 4; lastKnownFileType = sourcecode.c.objc; path = LCWebview.m; sourceTree = "<group>"; };
		25284EAC215F2759002D59F5 /* LCTextView.h */ = {isa = PBXFileReference; fileEncoding = 4; lastKnownFileType = sourcecode.c.h; path = LCTextView.h; sourceTree = "<group>"; };
		2574AC05215F1DB5004EB71E /* LCBeeSDKExample.app */ = {isa = PBXFileReference; explicitFileType = wrapper.application; includeInIndex = 0; path = LCBeeSDKExample.app; sourceTree = BUILT_PRODUCTS_DIR; };
		2574AC08215F1DB5004EB71E /* AppDelegate.h */ = {isa = PBXFileReference; lastKnownFileType = sourcecode.c.h; path = AppDelegate.h; sourceTree = "<group>"; };
		2574AC09215F1DB5004EB71E /* AppDelegate.m */ = {isa = PBXFileReference; lastKnownFileType = sourcecode.c.objc; path = AppDelegate.m; sourceTree = "<group>"; };
		2574AC0B215F1DB5004EB71E /* ViewController.h */ = {isa = PBXFileReference; lastKnownFileType = sourcecode.c.h; path = ViewController.h; sourceTree = "<group>"; };
		2574AC0C215F1DB5004EB71E /* ViewController.m */ = {isa = PBXFileReference; lastKnownFileType = sourcecode.c.objc; path = ViewController.m; sourceTree = "<group>"; };
		2574AC0F215F1DB5004EB71E /* Base */ = {isa = PBXFileReference; lastKnownFileType = file.storyboard; name = Base; path = Base.lproj/Main.storyboard; sourceTree = "<group>"; };
		2574AC11215F1DB6004EB71E /* Assets.xcassets */ = {isa = PBXFileReference; lastKnownFileType = folder.assetcatalog; path = Assets.xcassets; sourceTree = "<group>"; };
		2574AC14215F1DB6004EB71E /* Base */ = {isa = PBXFileReference; lastKnownFileType = file.storyboard; name = Base; path = Base.lproj/LaunchScreen.storyboard; sourceTree = "<group>"; };
		2574AC16215F1DB6004EB71E /* Info.plist */ = {isa = PBXFileReference; lastKnownFileType = text.plist.xml; path = Info.plist; sourceTree = "<group>"; };
		2574AC17215F1DB6004EB71E /* main.m */ = {isa = PBXFileReference; lastKnownFileType = sourcecode.c.objc; path = main.m; sourceTree = "<group>"; };
		259F5CC4215F20BD00717366 /* HomeViewController.h */ = {isa = PBXFileReference; fileEncoding = 4; lastKnownFileType = sourcecode.c.h; path = HomeViewController.h; sourceTree = "<group>"; };
		259F5CC5215F20BD00717366 /* ListTableViewController.h */ = {isa = PBXFileReference; fileEncoding = 4; lastKnownFileType = sourcecode.c.h; name = ListTableViewController.h; path = Alterview/ListTableViewController.h; sourceTree = "<group>"; };
		259F5CC6215F20BD00717366 /* SettingViewController.m */ = {isa = PBXFileReference; fileEncoding = 4; lastKnownFileType = sourcecode.c.objc; path = SettingViewController.m; sourceTree = "<group>"; };
		259F5CC7215F20BD00717366 /* BaseViewController.h */ = {isa = PBXFileReference; fileEncoding = 4; lastKnownFileType = sourcecode.c.h; path = BaseViewController.h; sourceTree = "<group>"; };
		259F5CC9215F20BD00717366 /* DetailAnimationViewController.m */ = {isa = PBXFileReference; fileEncoding = 4; lastKnownFileType = sourcecode.c.objc; path = DetailAnimationViewController.m; sourceTree = "<group>"; };
		259F5CCA215F20BD00717366 /* AnimationTableViewController.m */ = {isa = PBXFileReference; fileEncoding = 4; lastKnownFileType = sourcecode.c.objc; path = AnimationTableViewController.m; sourceTree = "<group>"; };
		259F5CCB215F20BD00717366 /* ListTableViewController.h */ = {isa = PBXFileReference; fileEncoding = 4; lastKnownFileType = sourcecode.c.h; path = ListTableViewController.h; sourceTree = "<group>"; };
		259F5CCC215F20BD00717366 /* DetailAnimationViewController.h */ = {isa = PBXFileReference; fileEncoding = 4; lastKnownFileType = sourcecode.c.h; path = DetailAnimationViewController.h; sourceTree = "<group>"; };
		259F5CCD215F20BD00717366 /* ListTableViewController.m */ = {isa = PBXFileReference; fileEncoding = 4; lastKnownFileType = sourcecode.c.objc; path = ListTableViewController.m; sourceTree = "<group>"; };
		259F5CCE215F20BD00717366 /* AnimationTableViewController.h */ = {isa = PBXFileReference; fileEncoding = 4; lastKnownFileType = sourcecode.c.h; path = AnimationTableViewController.h; sourceTree = "<group>"; };
		259F5CCF215F20BD00717366 /* DetailAnimationViewController.h */ = {isa = PBXFileReference; fileEncoding = 4; lastKnownFileType = sourcecode.c.h; name = DetailAnimationViewController.h; path = Alterview/DetailAnimationViewController.h; sourceTree = "<group>"; };
		259F5CD0215F20BD00717366 /* MainTabBarViewController.h */ = {isa = PBXFileReference; fileEncoding = 4; lastKnownFileType = sourcecode.c.h; path = MainTabBarViewController.h; sourceTree = "<group>"; };
		259F5CD1215F20BD00717366 /* MainTabBarViewController.m */ = {isa = PBXFileReference; fileEncoding = 4; lastKnownFileType = sourcecode.c.objc; path = MainTabBarViewController.m; sourceTree = "<group>"; };
		259F5CD3215F20BD00717366 /* SCTTextviewViewController.m */ = {isa = PBXFileReference; fileEncoding = 4; lastKnownFileType = sourcecode.c.objc; path = SCTTextviewViewController.m; sourceTree = "<group>"; };
		259F5CD4215F20BD00717366 /* CommonUIViewController.h */ = {isa = PBXFileReference; fileEncoding = 4; lastKnownFileType = sourcecode.c.h; path = CommonUIViewController.h; sourceTree = "<group>"; };
		259F5CD5215F20BD00717366 /* CommonUIViewController.m */ = {isa = PBXFileReference; fileEncoding = 4; lastKnownFileType = sourcecode.c.objc; path = CommonUIViewController.m; sourceTree = "<group>"; };
		259F5CD6215F20BD00717366 /* SCTTextviewViewController.h */ = {isa = PBXFileReference; fileEncoding = 4; lastKnownFileType = sourcecode.c.h; path = SCTTextviewViewController.h; sourceTree = "<group>"; };
		259F5CD8215F20BD00717366 /* LCWebViewController.m */ = {isa = PBXFileReference; fileEncoding = 4; lastKnownFileType = sourcecode.c.objc; path = LCWebViewController.m; sourceTree = "<group>"; };
		259F5CD9215F20BD00717366 /* LCWebViewController.h */ = {isa = PBXFileReference; fileEncoding = 4; lastKnownFileType = sourcecode.c.h; path = LCWebViewController.h; sourceTree = "<group>"; };
		259F5CDB215F20BD00717366 /* SendEmailTableViewController.m */ = {isa = PBXFileReference; fileEncoding = 4; lastKnownFileType = sourcecode.c.objc; path = SendEmailTableViewController.m; sourceTree = "<group>"; };
		259F5CDC215F20BD00717366 /* EmailDetailViewController.h */ = {isa = PBXFileReference; fileEncoding = 4; lastKnownFileType = sourcecode.c.h; path = EmailDetailViewController.h; sourceTree = "<group>"; };
		259F5CDD215F20BD00717366 /* EmailDetailViewController.m */ = {isa = PBXFileReference; fileEncoding = 4; lastKnownFileType = sourcecode.c.objc; path = EmailDetailViewController.m; sourceTree = "<group>"; };
		259F5CDE215F20BD00717366 /* SendEmailTableViewController.h */ = {isa = PBXFileReference; fileEncoding = 4; lastKnownFileType = sourcecode.c.h; path = SendEmailTableViewController.h; sourceTree = "<group>"; };
		259F5CDF215F20BD00717366 /* DetailAnimationViewController.m */ = {isa = PBXFileReference; fileEncoding = 4; lastKnownFileType = sourcecode.c.objc; name = DetailAnimationViewController.m; path = Alterview/DetailAnimationViewController.m; sourceTree = "<group>"; };
		259F5CE0215F20BD00717366 /* SettingViewController.h */ = {isa = PBXFileReference; fileEncoding = 4; lastKnownFileType = sourcecode.c.h; path = SettingViewController.h; sourceTree = "<group>"; };
		259F5CE2215F20BD00717366 /* CustomBadgeViewController.m */ = {isa = PBXFileReference; fileEncoding = 4; lastKnownFileType = sourcecode.c.objc; path = CustomBadgeViewController.m; sourceTree = "<group>"; };
		259F5CE3215F20BD00717366 /* CustomBadgeView.h */ = {isa = PBXFileReference; fileEncoding = 4; lastKnownFileType = sourcecode.c.h; path = CustomBadgeView.h; sourceTree = "<group>"; };
		259F5CE4215F20BD00717366 /* CustomBadgeViewController.h */ = {isa = PBXFileReference; fileEncoding = 4; lastKnownFileType = sourcecode.c.h; path = CustomBadgeViewController.h; sourceTree = "<group>"; };
		259F5CE5215F20BD00717366 /* CustomBadgeView.m */ = {isa = PBXFileReference; fileEncoding = 4; lastKnownFileType = sourcecode.c.objc; path = CustomBadgeView.m; sourceTree = "<group>"; };
		259F5CE6215F20BD00717366 /* BaseViewController.m */ = {isa = PBXFileReference; fileEncoding = 4; lastKnownFileType = sourcecode.c.objc; path = BaseViewController.m; sourceTree = "<group>"; };
		259F5CE7215F20BD00717366 /* HomeViewController.m */ = {isa = PBXFileReference; fileEncoding = 4; lastKnownFileType = sourcecode.c.objc; path = HomeViewController.m; sourceTree = "<group>"; };
		259F5CE8215F20BD00717366 /* AnimationTableViewController.h */ = {isa = PBXFileReference; fileEncoding = 4; lastKnownFileType = sourcecode.c.h; name = AnimationTableViewController.h; path = Alterview/AnimationTableViewController.h; sourceTree = "<group>"; };
		259F5CE9215F20BD00717366 /* AnimationTableViewController.m */ = {isa = PBXFileReference; fileEncoding = 4; lastKnownFileType = sourcecode.c.objc; name = AnimationTableViewController.m; path = Alterview/AnimationTableViewController.m; sourceTree = "<group>"; };
		259F5CEA215F20BE00717366 /* ListTableViewController.m */ = {isa = PBXFileReference; fileEncoding = 4; lastKnownFileType = sourcecode.c.objc; name = ListTableViewController.m; path = Alterview/ListTableViewController.m; sourceTree = "<group>"; };
		259F5CEB215F20BE00717366 /* MainNavigationController.h */ = {isa = PBXFileReference; fileEncoding = 4; lastKnownFileType = sourcecode.c.h; path = MainNavigationController.h; sourceTree = "<group>"; };
		259F5CEC215F20BE00717366 /* MainNavigationController.m */ = {isa = PBXFileReference; fileEncoding = 4; lastKnownFileType = sourcecode.c.objc; path = MainNavigationController.m; sourceTree = "<group>"; };
		369A58837935FEE2C58DE146 /* Pods-LCBeeSDKExample.release.xcconfig */ = {isa = PBXFileReference; includeInIndex = 1; lastKnownFileType = text.xcconfig; name = "Pods-LCBeeSDKExample.release.xcconfig"; path = "Pods/Target Support Files/Pods-LCBeeSDKExample/Pods-LCBeeSDKExample.release.xcconfig"; sourceTree = "<group>"; };
		6B436A5270CDF7E753D93164 /* libPods-LCBeeSDKExample.a */ = {isa = PBXFileReference; explicitFileType = archive.ar; includeInIndex = 0; path = "libPods-LCBeeSDKExample.a"; sourceTree = BUILT_PRODUCTS_DIR; };
/* End PBXFileReference section */

/* Begin PBXFrameworksBuildPhase section */
		2574AC02215F1DB5004EB71E /* Frameworks */ = {
			isa = PBXFrameworksBuildPhase;
			buildActionMask = 2147483647;
			files = (
				B00B918FDCE61E4CB8128A21 /* libPods-LCBeeSDKExample.a in Frameworks */,
			);
			runOnlyForDeploymentPostprocessing = 0;
		};
/* End PBXFrameworksBuildPhase section */

/* Begin PBXGroup section */
		25284EA2215F2759002D59F5 /* LCRBeeSDK */ = {
			isa = PBXGroup;
			children = (
				25284EA3215F2759002D59F5 /* Extensions */,
				25284EA6215F2759002D59F5 /* CustomViews */,
			);
			path = LCRBeeSDK;
			sourceTree = "<group>";
		};
		25284EA3215F2759002D59F5 /* Extensions */ = {
			isa = PBXGroup;
			children = (
				25284EA4215F2759002D59F5 /* AppDelegate+Extension.m */,
				25284EA5215F2759002D59F5 /* AppDelegate+Extension.h */,
			);
			path = Extensions;
			sourceTree = "<group>";
		};
		25284EA6215F2759002D59F5 /* CustomViews */ = {
			isa = PBXGroup;
			children = (
				25284EA7215F2759002D59F5 /* LCWebview.h */,
				25284EA8215F2759002D59F5 /* LCButton.m */,
				25284EA9215F2759002D59F5 /* LCTextView.m */,
				25284EAA215F2759002D59F5 /* LCButton.h */,
				25284EAB215F2759002D59F5 /* LCWebview.m */,
				25284EAC215F2759002D59F5 /* LCTextView.h */,
			);
			path = CustomViews;
			sourceTree = "<group>";
		};
		2574ABFC215F1DB5004EB71E = {
			isa = PBXGroup;
			children = (
				25284EA2215F2759002D59F5 /* LCRBeeSDK */,
				2574AC07215F1DB5004EB71E /* LCBeeSDKExample */,
				2574AC06215F1DB5004EB71E /* Products */,
				373EB187A7ACA7983E3A3666 /* Pods */,
				DA43B5E1060B5C2ECFF019B0 /* Frameworks */,
			);
			sourceTree = "<group>";
		};
		2574AC06215F1DB5004EB71E /* Products */ = {
			isa = PBXGroup;
			children = (
				2574AC05215F1DB5004EB71E /* LCBeeSDKExample.app */,
			);
			name = Products;
			sourceTree = "<group>";
		};
		2574AC07215F1DB5004EB71E /* LCBeeSDKExample */ = {
			isa = PBXGroup;
			children = (
				2574AC1E215F1DFB004EB71E /* Example */,
				2574AC08215F1DB5004EB71E /* AppDelegate.h */,
				2574AC09215F1DB5004EB71E /* AppDelegate.m */,
				2574AC0B215F1DB5004EB71E /* ViewController.h */,
				2574AC0C215F1DB5004EB71E /* ViewController.m */,
				2574AC0E215F1DB5004EB71E /* Main.storyboard */,
				2574AC11215F1DB6004EB71E /* Assets.xcassets */,
				2574AC13215F1DB6004EB71E /* LaunchScreen.storyboard */,
				2574AC16215F1DB6004EB71E /* Info.plist */,
				2574AC17215F1DB6004EB71E /* main.m */,
			);
			path = LCBeeSDKExample;
			sourceTree = "<group>";
		};
		2574AC1E215F1DFB004EB71E /* Example */ = {
			isa = PBXGroup;
			children = (
				259F5CC8215F20BD00717366 /* Alterview */,
				259F5CE8215F20BD00717366 /* AnimationTableViewController.h */,
				259F5CE9215F20BD00717366 /* AnimationTableViewController.m */,
				259F5CC7215F20BD00717366 /* BaseViewController.h */,
				259F5CE6215F20BD00717366 /* BaseViewController.m */,
				259F5CE1215F20BD00717366 /* CustomBadge */,
				259F5CCF215F20BD00717366 /* DetailAnimationViewController.h */,
				259F5CDF215F20BD00717366 /* DetailAnimationViewController.m */,
				259F5CDA215F20BD00717366 /* Email */,
				259F5CC4215F20BD00717366 /* HomeViewController.h */,
				259F5CE7215F20BD00717366 /* HomeViewController.m */,
				259F5CC5215F20BD00717366 /* ListTableViewController.h */,
				259F5CEA215F20BE00717366 /* ListTableViewController.m */,
				259F5CEB215F20BE00717366 /* MainNavigationController.h */,
				259F5CEC215F20BE00717366 /* MainNavigationController.m */,
				259F5CD0215F20BD00717366 /* MainTabBarViewController.h */,
				259F5CD1215F20BD00717366 /* MainTabBarViewController.m */,
				259F5CE0215F20BD00717366 /* SettingViewController.h */,
				259F5CC6215F20BD00717366 /* SettingViewController.m */,
				259F5CD2215F20BD00717366 /* TextView */,
				259F5CD7215F20BD00717366 /* webview */,
			);
			path = Example;
			sourceTree = "<group>";
		};
		259F5CC8215F20BD00717366 /* Alterview */ = {
			isa = PBXGroup;
			children = (
				259F5CC9215F20BD00717366 /* DetailAnimationViewController.m */,
				259F5CCA215F20BD00717366 /* AnimationTableViewController.m */,
				259F5CCB215F20BD00717366 /* ListTableViewController.h */,
				259F5CCC215F20BD00717366 /* DetailAnimationViewController.h */,
				259F5CCD215F20BD00717366 /* ListTableViewController.m */,
				259F5CCE215F20BD00717366 /* AnimationTableViewController.h */,
			);
			path = Alterview;
			sourceTree = "<group>";
		};
		259F5CD2215F20BD00717366 /* TextView */ = {
			isa = PBXGroup;
			children = (
				259F5CD3215F20BD00717366 /* SCTTextviewViewController.m */,
				259F5CD4215F20BD00717366 /* CommonUIViewController.h */,
				259F5CD5215F20BD00717366 /* CommonUIViewController.m */,
				259F5CD6215F20BD00717366 /* SCTTextviewViewController.h */,
			);
			path = TextView;
			sourceTree = "<group>";
		};
		259F5CD7215F20BD00717366 /* webview */ = {
			isa = PBXGroup;
			children = (
				259F5CD8215F20BD00717366 /* LCWebViewController.m */,
				259F5CD9215F20BD00717366 /* LCWebViewController.h */,
			);
			path = webview;
			sourceTree = "<group>";
		};
		259F5CDA215F20BD00717366 /* Email */ = {
			isa = PBXGroup;
			children = (
				259F5CDB215F20BD00717366 /* SendEmailTableViewController.m */,
				259F5CDC215F20BD00717366 /* EmailDetailViewController.h */,
				259F5CDD215F20BD00717366 /* EmailDetailViewController.m */,
				259F5CDE215F20BD00717366 /* SendEmailTableViewController.h */,
			);
			path = Email;
			sourceTree = "<group>";
		};
		259F5CE1215F20BD00717366 /* CustomBadge */ = {
			isa = PBXGroup;
			children = (
				259F5CE2215F20BD00717366 /* CustomBadgeViewController.m */,
				259F5CE3215F20BD00717366 /* CustomBadgeView.h */,
				259F5CE4215F20BD00717366 /* CustomBadgeViewController.h */,
				259F5CE5215F20BD00717366 /* CustomBadgeView.m */,
			);
			path = CustomBadge;
			sourceTree = "<group>";
		};
		373EB187A7ACA7983E3A3666 /* Pods */ = {
			isa = PBXGroup;
			children = (
				2521AA1CFC4EAC216C352B5A /* Pods-LCBeeSDKExample.debug.xcconfig */,
				369A58837935FEE2C58DE146 /* Pods-LCBeeSDKExample.release.xcconfig */,
			);
			name = Pods;
			sourceTree = "<group>";
		};
		DA43B5E1060B5C2ECFF019B0 /* Frameworks */ = {
			isa = PBXGroup;
			children = (
				6B436A5270CDF7E753D93164 /* libPods-LCBeeSDKExample.a */,
			);
			name = Frameworks;
			sourceTree = "<group>";
		};
/* End PBXGroup section */

/* Begin PBXNativeTarget section */
		2574AC04215F1DB5004EB71E /* LCBeeSDKExample */ = {
			isa = PBXNativeTarget;
			buildConfigurationList = 2574AC1B215F1DB6004EB71E /* Build configuration list for PBXNativeTarget "LCBeeSDKExample" */;
			buildPhases = (
				AD49383902383CD95BD3916F /* [CP] Check Pods Manifest.lock */,
				2574AC01215F1DB5004EB71E /* Sources */,
				2574AC02215F1DB5004EB71E /* Frameworks */,
				2574AC03215F1DB5004EB71E /* Resources */,
			);
			buildRules = (
			);
			dependencies = (
			);
			name = LCBeeSDKExample;
			productName = LCBeeSDKExample;
			productReference = 2574AC05215F1DB5004EB71E /* LCBeeSDKExample.app */;
			productType = "com.apple.product-type.application";
		};
/* End PBXNativeTarget section */

/* Begin PBXProject section */
		2574ABFD215F1DB5004EB71E /* Project object */ = {
			isa = PBXProject;
			attributes = {
				LastUpgradeCheck = 1000;
				ORGANIZATIONNAME = "yu changlin";
				TargetAttributes = {
					2574AC04215F1DB5004EB71E = {
						CreatedOnToolsVersion = 10.0;
					};
				};
			};
			buildConfigurationList = 2574AC00215F1DB5004EB71E /* Build configuration list for PBXProject "LCBeeSDKExample" */;
			compatibilityVersion = "Xcode 9.3";
			developmentRegion = en;
			hasScannedForEncodings = 0;
			knownRegions = (
				en,
				Base,
			);
			mainGroup = 2574ABFC215F1DB5004EB71E;
			productRefGroup = 2574AC06215F1DB5004EB71E /* Products */;
			projectDirPath = "";
			projectRoot = "";
			targets = (
				2574AC04215F1DB5004EB71E /* LCBeeSDKExample */,
			);
		};
/* End PBXProject section */

/* Begin PBXResourcesBuildPhase section */
		2574AC03215F1DB5004EB71E /* Resources */ = {
			isa = PBXResourcesBuildPhase;
			buildActionMask = 2147483647;
			files = (
				2574AC15215F1DB6004EB71E /* LaunchScreen.storyboard in Resources */,
				2574AC12215F1DB6004EB71E /* Assets.xcassets in Resources */,
				2574AC10215F1DB5004EB71E /* Main.storyboard in Resources */,
			);
			runOnlyForDeploymentPostprocessing = 0;
		};
/* End PBXResourcesBuildPhase section */

/* Begin PBXShellScriptBuildPhase section */
		AD49383902383CD95BD3916F /* [CP] Check Pods Manifest.lock */ = {
			isa = PBXShellScriptBuildPhase;
			buildActionMask = 2147483647;
			files = (
			);
			inputPaths = (
				"${PODS_PODFILE_DIR_PATH}/Podfile.lock",
				"${PODS_ROOT}/Manifest.lock",
			);
			name = "[CP] Check Pods Manifest.lock";
			outputPaths = (
				"$(DERIVED_FILE_DIR)/Pods-LCBeeSDKExample-checkManifestLockResult.txt",
			);
			runOnlyForDeploymentPostprocessing = 0;
			shellPath = /bin/sh;
			shellScript = "diff \"${PODS_PODFILE_DIR_PATH}/Podfile.lock\" \"${PODS_ROOT}/Manifest.lock\" > /dev/null\nif [ $? != 0 ] ; then\n    # print error to STDERR\n    echo \"error: The sandbox is not in sync with the Podfile.lock. Run 'pod install' or update your CocoaPods installation.\" >&2\n    exit 1\nfi\n# This output is used by Xcode 'outputs' to avoid re-running this script phase.\necho \"SUCCESS\" > \"${SCRIPT_OUTPUT_FILE_0}\"\n";
			showEnvVarsInLog = 0;
		};
/* End PBXShellScriptBuildPhase section */

/* Begin PBXSourcesBuildPhase section */
		2574AC01215F1DB5004EB71E /* Sources */ = {
			isa = PBXSourcesBuildPhase;
			buildActionMask = 2147483647;
			files = (
				2574AC0D215F1DB5004EB71E /* ViewController.m in Sources */,
				2574AC18215F1DB6004EB71E /* main.m in Sources */,
				259F5CF7215F20BE00717366 /* DetailAnimationViewController.m in Sources */,
				259F5CF5215F20BE00717366 /* SendEmailTableViewController.m in Sources */,
				2574AC0A215F1DB5004EB71E /* AppDelegate.m in Sources */,
				259F5CFB215F20BE00717366 /* HomeViewController.m in Sources */,
				259F5CF9215F20BE00717366 /* CustomBadgeView.m in Sources */,
				259F5CF0215F20BE00717366 /* ListTableViewController.m in Sources */,
				259F5CFA215F20BE00717366 /* BaseViewController.m in Sources */,
				259F5CF4215F20BE00717366 /* LCWebViewController.m in Sources */,
				259F5CF2215F20BE00717366 /* SCTTextviewViewController.m in Sources */,
				259F5CFE215F20BE00717366 /* MainNavigationController.m in Sources */,
				259F5CF8215F20BE00717366 /* CustomBadgeViewController.m in Sources */,
				259F5CFC215F20BE00717366 /* AnimationTableViewController.m in Sources */,
				25284EAF215F2759002D59F5 /* LCTextView.m in Sources */,
				25284EAD215F2759002D59F5 /* AppDelegate+Extension.m in Sources */,
				259F5CED215F20BE00717366 /* SettingViewController.m in Sources */,
				259F5CF1215F20BE00717366 /* MainTabBarViewController.m in Sources */,
				259F5CF6215F20BE00717366 /* EmailDetailViewController.m in Sources */,
				25284EB0215F2759002D59F5 /* LCWebview.m in Sources */,
				259F5CF3215F20BE00717366 /* CommonUIViewController.m in Sources */,
				259F5CEF215F20BE00717366 /* AnimationTableViewController.m in Sources */,
				259F5CEE215F20BE00717366 /* DetailAnimationViewController.m in Sources */,
				25284EAE215F2759002D59F5 /* LCButton.m in Sources */,
				259F5CFD215F20BE00717366 /* ListTableViewController.m in Sources */,
			);
			runOnlyForDeploymentPostprocessing = 0;
		};
/* End PBXSourcesBuildPhase section */

/* Begin PBXVariantGroup section */
		2574AC0E215F1DB5004EB71E /* Main.storyboard */ = {
			isa = PBXVariantGroup;
			children = (
				2574AC0F215F1DB5004EB71E /* Base */,
			);
			name = Main.storyboard;
			sourceTree = "<group>";
		};
		2574AC13215F1DB6004EB71E /* LaunchScreen.storyboard */ = {
			isa = PBXVariantGroup;
			children = (
				2574AC14215F1DB6004EB71E /* Base */,
			);
			name = LaunchScreen.storyboard;
			sourceTree = "<group>";
		};
/* End PBXVariantGroup section */

/* Begin XCBuildConfiguration section */
		2574AC19215F1DB6004EB71E /* Debug */ = {
			isa = XCBuildConfiguration;
			buildSettings = {
				ALWAYS_SEARCH_USER_PATHS = NO;
				CLANG_ANALYZER_NONNULL = YES;
				CLANG_ANALYZER_NUMBER_OBJECT_CONVERSION = YES_AGGRESSIVE;
				CLANG_CXX_LANGUAGE_STANDARD = "gnu++14";
				CLANG_CXX_LIBRARY = "libc++";
				CLANG_ENABLE_MODULES = YES;
				CLANG_ENABLE_OBJC_ARC = YES;
				CLANG_ENABLE_OBJC_WEAK = YES;
				CLANG_WARN_BLOCK_CAPTURE_AUTORELEASING = YES;
				CLANG_WARN_BOOL_CONVERSION = YES;
				CLANG_WARN_COMMA = YES;
				CLANG_WARN_CONSTANT_CONVERSION = YES;
				CLANG_WARN_DEPRECATED_OBJC_IMPLEMENTATIONS = YES;
				CLANG_WARN_DIRECT_OBJC_ISA_USAGE = YES_ERROR;
				CLANG_WARN_DOCUMENTATION_COMMENTS = YES;
				CLANG_WARN_EMPTY_BODY = YES;
				CLANG_WARN_ENUM_CONVERSION = YES;
				CLANG_WARN_INFINITE_RECURSION = YES;
				CLANG_WARN_INT_CONVERSION = YES;
				CLANG_WARN_NON_LITERAL_NULL_CONVERSION = YES;
				CLANG_WARN_OBJC_IMPLICIT_RETAIN_SELF = YES;
				CLANG_WARN_OBJC_LITERAL_CONVERSION = YES;
				CLANG_WARN_OBJC_ROOT_CLASS = YES_ERROR;
				CLANG_WARN_RANGE_LOOP_ANALYSIS = YES;
				CLANG_WARN_STRICT_PROTOTYPES = YES;
				CLANG_WARN_SUSPICIOUS_MOVE = YES;
				CLANG_WARN_UNGUARDED_AVAILABILITY = YES_AGGRESSIVE;
				CLANG_WARN_UNREACHABLE_CODE = YES;
				CLANG_WARN__DUPLICATE_METHOD_MATCH = YES;
				CODE_SIGN_IDENTITY = "iPhone Developer";
				COPY_PHASE_STRIP = NO;
				DEBUG_INFORMATION_FORMAT = dwarf;
				ENABLE_STRICT_OBJC_MSGSEND = YES;
				ENABLE_TESTABILITY = YES;
				GCC_C_LANGUAGE_STANDARD = gnu11;
				GCC_DYNAMIC_NO_PIC = NO;
				GCC_NO_COMMON_BLOCKS = YES;
				GCC_OPTIMIZATION_LEVEL = 0;
				GCC_PREPROCESSOR_DEFINITIONS = (
					"DEBUG=1",
					"$(inherited)",
				);
				GCC_WARN_64_TO_32_BIT_CONVERSION = YES;
				GCC_WARN_ABOUT_RETURN_TYPE = YES_ERROR;
				GCC_WARN_UNDECLARED_SELECTOR = YES;
				GCC_WARN_UNINITIALIZED_AUTOS = YES_AGGRESSIVE;
				GCC_WARN_UNUSED_FUNCTION = YES;
				GCC_WARN_UNUSED_VARIABLE = YES;
				IPHONEOS_DEPLOYMENT_TARGET = 12.0;
				MTL_ENABLE_DEBUG_INFO = INCLUDE_SOURCE;
				MTL_FAST_MATH = YES;
				ONLY_ACTIVE_ARCH = YES;
				SDKROOT = iphoneos;
			};
			name = Debug;
		};
		2574AC1A215F1DB6004EB71E /* Release */ = {
			isa = XCBuildConfiguration;
			buildSettings = {
				ALWAYS_SEARCH_USER_PATHS = NO;
				CLANG_ANALYZER_NONNULL = YES;
				CLANG_ANALYZER_NUMBER_OBJECT_CONVERSION = YES_AGGRESSIVE;
				CLANG_CXX_LANGUAGE_STANDARD = "gnu++14";
				CLANG_CXX_LIBRARY = "libc++";
				CLANG_ENABLE_MODULES = YES;
				CLANG_ENABLE_OBJC_ARC = YES;
				CLANG_ENABLE_OBJC_WEAK = YES;
				CLANG_WARN_BLOCK_CAPTURE_AUTORELEASING = YES;
				CLANG_WARN_BOOL_CONVERSION = YES;
				CLANG_WARN_COMMA = YES;
				CLANG_WARN_CONSTANT_CONVERSION = YES;
				CLANG_WARN_DEPRECATED_OBJC_IMPLEMENTATIONS = YES;
				CLANG_WARN_DIRECT_OBJC_ISA_USAGE = YES_ERROR;
				CLANG_WARN_DOCUMENTATION_COMMENTS = YES;
				CLANG_WARN_EMPTY_BODY = YES;
				CLANG_WARN_ENUM_CONVERSION = YES;
				CLANG_WARN_INFINITE_RECURSION = YES;
				CLANG_WARN_INT_CONVERSION = YES;
				CLANG_WARN_NON_LITERAL_NULL_CONVERSION = YES;
				CLANG_WARN_OBJC_IMPLICIT_RETAIN_SELF = YES;
				CLANG_WARN_OBJC_LITERAL_CONVERSION = YES;
				CLANG_WARN_OBJC_ROOT_CLASS = YES_ERROR;
				CLANG_WARN_RANGE_LOOP_ANALYSIS = YES;
				CLANG_WARN_STRICT_PROTOTYPES = YES;
				CLANG_WARN_SUSPICIOUS_MOVE = YES;
				CLANG_WARN_UNGUARDED_AVAILABILITY = YES_AGGRESSIVE;
				CLANG_WARN_UNREACHABLE_CODE = YES;
				CLANG_WARN__DUPLICATE_METHOD_MATCH = YES;
				CODE_SIGN_IDENTITY = "iPhone Developer";
				COPY_PHASE_STRIP = NO;
				DEBUG_INFORMATION_FORMAT = "dwarf-with-dsym";
				ENABLE_NS_ASSERTIONS = NO;
				ENABLE_STRICT_OBJC_MSGSEND = YES;
				GCC_C_LANGUAGE_STANDARD = gnu11;
				GCC_NO_COMMON_BLOCKS = YES;
				GCC_WARN_64_TO_32_BIT_CONVERSION = YES;
				GCC_WARN_ABOUT_RETURN_TYPE = YES_ERROR;
				GCC_WARN_UNDECLARED_SELECTOR = YES;
				GCC_WARN_UNINITIALIZED_AUTOS = YES_AGGRESSIVE;
				GCC_WARN_UNUSED_FUNCTION = YES;
				GCC_WARN_UNUSED_VARIABLE = YES;
				IPHONEOS_DEPLOYMENT_TARGET = 12.0;
				MTL_ENABLE_DEBUG_INFO = NO;
				MTL_FAST_MATH = YES;
				SDKROOT = iphoneos;
				VALIDATE_PRODUCT = YES;
			};
			name = Release;
		};
		2574AC1C215F1DB6004EB71E /* Debug */ = {
			isa = XCBuildConfiguration;
			baseConfigurationReference = 2521AA1CFC4EAC216C352B5A /* Pods-LCBeeSDKExample.debug.xcconfig */;
			buildSettings = {
				ASSETCATALOG_COMPILER_APPICON_NAME = AppIcon;
				CODE_SIGN_STYLE = Automatic;
				DEVELOPMENT_TEAM = CZEUVTKQ68;
				INFOPLIST_FILE = LCBeeSDKExample/Info.plist;
				IPHONEOS_DEPLOYMENT_TARGET = 10.0;
				LD_RUNPATH_SEARCH_PATHS = (
					"$(inherited)",
					"@executable_path/Frameworks",
				);
				PRODUCT_BUNDLE_IDENTIFIER = com.lin.LCBeeSDKExample;
				PRODUCT_NAME = "$(TARGET_NAME)";
				TARGETED_DEVICE_FAMILY = "1,2";
			};
			name = Debug;
		};
		2574AC1D215F1DB6004EB71E /* Release */ = {
			isa = XCBuildConfiguration;
			baseConfigurationReference = 369A58837935FEE2C58DE146 /* Pods-LCBeeSDKExample.release.xcconfig */;
			buildSettings = {
				ASSETCATALOG_COMPILER_APPICON_NAME = AppIcon;
				CODE_SIGN_STYLE = Automatic;
				DEVELOPMENT_TEAM = CZEUVTKQ68;
				INFOPLIST_FILE = LCBeeSDKExample/Info.plist;
				IPHONEOS_DEPLOYMENT_TARGET = 10.0;
				LD_RUNPATH_SEARCH_PATHS = (
					"$(inherited)",
					"@executable_path/Frameworks",
				);
				PRODUCT_BUNDLE_IDENTIFIER = com.lin.LCBeeSDKExample;
				PRODUCT_NAME = "$(TARGET_NAME)";
				TARGETED_DEVICE_FAMILY = "1,2";
			};
			name = Release;
		};
/* End XCBuildConfiguration section */

/* Begin XCConfigurationList section */
		2574AC00215F1DB5004EB71E /* Build configuration list for PBXProject "LCBeeSDKExample" */ = {
			isa = XCConfigurationList;
			buildConfigurations = (
				2574AC19215F1DB6004EB71E /* Debug */,
				2574AC1A215F1DB6004EB71E /* Release */,
			);
			defaultConfigurationIsVisible = 0;
			defaultConfigurationName = Release;
		};
		2574AC1B215F1DB6004EB71E /* Build configuration list for PBXNativeTarget "LCBeeSDKExample" */ = {
			isa = XCConfigurationList;
			buildConfigurations = (
				2574AC1C215F1DB6004EB71E /* Debug */,
				2574AC1D215F1DB6004EB71E /* Release */,
			);
			defaultConfigurationIsVisible = 0;
			defaultConfigurationName = Release;
		};
/* End XCConfigurationList section */
	};
	rootObject = 2574ABFD215F1DB5004EB71E /* Project object */;
}
