// !$*UTF8*$!
{
	archiveVersion = 1;
	classes = {
	};
	objectVersion = 48;
	objects = {

/* Begin PBXBuildFile section */
		7B326D691FF261A100A4A7FD /* AppDelegate.m in Sources */ = {isa = PBXBuildFile; fileRef = 7B326D681FF261A100A4A7FD /* AppDelegate.m */; };
		7B326D6C1FF261A100A4A7FD /* ViewController.m in Sources */ = {isa = PBXBuildFile; fileRef = 7B326D6B1FF261A100A4A7FD /* ViewController.m */; };
		7B326D6F1FF261A100A4A7FD /* Main.storyboard in Resources */ = {isa = PBXBuildFile; fileRef = 7B326D6D1FF261A100A4A7FD /* Main.storyboard */; };
		7B326D711FF261A100A4A7FD /* Assets.xcassets in Resources */ = {isa = PBXBuildFile; fileRef = 7B326D701FF261A100A4A7FD /* Assets.xcassets */; };
		7B326D741FF261A100A4A7FD /* LaunchScreen.storyboard in Resources */ = {isa = PBXBuildFile; fileRef = 7B326D721FF261A100A4A7FD /* LaunchScreen.storyboard */; };
		7B326D771FF261A100A4A7FD /* main.m in Sources */ = {isa = PBXBuildFile; fileRef = 7B326D761FF261A100A4A7FD /* main.m */; };
		7B326DAF1FF2718900A4A7FD /* MainNavigationController.m in Sources */ = {isa = PBXBuildFile; fileRef = 7B326DA71FF2718800A4A7FD /* MainNavigationController.m */; };
		7B326DB01FF2718900A4A7FD /* HomeViewController.m in Sources */ = {isa = PBXBuildFile; fileRef = 7B326DA81FF2718800A4A7FD /* HomeViewController.m */; };
		7B326DB11FF2718900A4A7FD /* SettingViewController.m in Sources */ = {isa = PBXBuildFile; fileRef = 7B326DAC1FF2718800A4A7FD /* SettingViewController.m */; };
		7B326DB21FF2718900A4A7FD /* MainTabBarViewController.m in Sources */ = {isa = PBXBuildFile; fileRef = 7B326DAD1FF2718900A4A7FD /* MainTabBarViewController.m */; };
		7B326DB31FF2718900A4A7FD /* BaseViewController.m in Sources */ = {isa = PBXBuildFile; fileRef = 7B326DAE1FF2718900A4A7FD /* BaseViewController.m */; };
		7B326DB61FF2729B00A4A7FD /* UIView+Extension.m in Sources */ = {isa = PBXBuildFile; fileRef = 7B326DB51FF2729B00A4A7FD /* UIView+Extension.m */; };
		7B326DB91FF273A000A4A7FD /* NSString+Extension.m in Sources */ = {isa = PBXBuildFile; fileRef = 7B326DB81FF273A000A4A7FD /* NSString+Extension.m */; };
		7B326DBF1FF274D800A4A7FD /* UIColor+Extension.m in Sources */ = {isa = PBXBuildFile; fileRef = 7B326DBE1FF274D800A4A7FD /* UIColor+Extension.m */; };
		7B326DC21FF2765E00A4A7FD /* UIButton+Extension.m in Sources */ = {isa = PBXBuildFile; fileRef = 7B326DC11FF2765E00A4A7FD /* UIButton+Extension.m */; };
		7B326DC51FF2780000A4A7FD /* LCWebview.m in Sources */ = {isa = PBXBuildFile; fileRef = 7B326DC41FF2780000A4A7FD /* LCWebview.m */; };
		7B326DC81FF2780F00A4A7FD /* LCButton.m in Sources */ = {isa = PBXBuildFile; fileRef = 7B326DC71FF2780F00A4A7FD /* LCButton.m */; };
		7B326DCB1FF2784200A4A7FD /* LCRegularTool.m in Sources */ = {isa = PBXBuildFile; fileRef = 7B326DC91FF2784100A4A7FD /* LCRegularTool.m */; };
		7B326DD21FF27D3C00A4A7FD /* CustomBadgeViewController.m in Sources */ = {isa = PBXBuildFile; fileRef = 7B326DD01FF27D3B00A4A7FD /* CustomBadgeViewController.m */; };
		7B326DD51FF27D5400A4A7FD /* CustomBadgeView.m in Sources */ = {isa = PBXBuildFile; fileRef = 7B326DD41FF27D5400A4A7FD /* CustomBadgeView.m */; };
		7B326DD81FF3933A00A4A7FD /* UIView+DCAnimationKit.m in Sources */ = {isa = PBXBuildFile; fileRef = 7B326DD71FF3933A00A4A7FD /* UIView+DCAnimationKit.m */; };
		7B326DDB1FF393DA00A4A7FD /* OrderDBManager.m in Sources */ = {isa = PBXBuildFile; fileRef = 7B326DDA1FF393DA00A4A7FD /* OrderDBManager.m */; };
		7B326DE81FF3962800A4A7FD /* LCWebViewController.m in Sources */ = {isa = PBXBuildFile; fileRef = 7B326DE71FF3962800A4A7FD /* LCWebViewController.m */; };
/* End PBXBuildFile section */

/* Begin PBXFileReference section */
		7B326D641FF261A100A4A7FD /* LCBeeSDK.app */ = {isa = PBXFileReference; explicitFileType = wrapper.application; includeInIndex = 0; path = LCBeeSDK.app; sourceTree = BUILT_PRODUCTS_DIR; };
		7B326D671FF261A100A4A7FD /* AppDelegate.h */ = {isa = PBXFileReference; lastKnownFileType = sourcecode.c.h; path = AppDelegate.h; sourceTree = "<group>"; };
		7B326D681FF261A100A4A7FD /* AppDelegate.m */ = {isa = PBXFileReference; lastKnownFileType = sourcecode.c.objc; path = AppDelegate.m; sourceTree = "<group>"; };
		7B326D6A1FF261A100A4A7FD /* ViewController.h */ = {isa = PBXFileReference; lastKnownFileType = sourcecode.c.h; path = ViewController.h; sourceTree = "<group>"; };
		7B326D6B1FF261A100A4A7FD /* ViewController.m */ = {isa = PBXFileReference; lastKnownFileType = sourcecode.c.objc; path = ViewController.m; sourceTree = "<group>"; };
		7B326D6E1FF261A100A4A7FD /* Base */ = {isa = PBXFileReference; lastKnownFileType = file.storyboard; name = Base; path = Base.lproj/Main.storyboard; sourceTree = "<group>"; };
		7B326D701FF261A100A4A7FD /* Assets.xcassets */ = {isa = PBXFileReference; lastKnownFileType = folder.assetcatalog; path = Assets.xcassets; sourceTree = "<group>"; };
		7B326D731FF261A100A4A7FD /* Base */ = {isa = PBXFileReference; lastKnownFileType = file.storyboard; name = Base; path = Base.lproj/LaunchScreen.storyboard; sourceTree = "<group>"; };
		7B326D751FF261A100A4A7FD /* Info.plist */ = {isa = PBXFileReference; lastKnownFileType = text.plist.xml; path = Info.plist; sourceTree = "<group>"; };
		7B326D761FF261A100A4A7FD /* main.m */ = {isa = PBXFileReference; lastKnownFileType = sourcecode.c.objc; path = main.m; sourceTree = "<group>"; };
		7B326D941FF26D1100A4A7FD /* Macro.h */ = {isa = PBXFileReference; fileEncoding = 4; lastKnownFileType = sourcecode.c.h; path = Macro.h; sourceTree = "<group>"; };
		7B326DA51FF2718800A4A7FD /* SettingViewController.h */ = {isa = PBXFileReference; fileEncoding = 4; lastKnownFileType = sourcecode.c.h; path = SettingViewController.h; sourceTree = "<group>"; };
		7B326DA61FF2718800A4A7FD /* MainNavigationController.h */ = {isa = PBXFileReference; fileEncoding = 4; lastKnownFileType = sourcecode.c.h; path = MainNavigationController.h; sourceTree = "<group>"; };
		7B326DA71FF2718800A4A7FD /* MainNavigationController.m */ = {isa = PBXFileReference; fileEncoding = 4; lastKnownFileType = sourcecode.c.objc; path = MainNavigationController.m; sourceTree = "<group>"; };
		7B326DA81FF2718800A4A7FD /* HomeViewController.m */ = {isa = PBXFileReference; fileEncoding = 4; lastKnownFileType = sourcecode.c.objc; path = HomeViewController.m; sourceTree = "<group>"; };
		7B326DA91FF2718800A4A7FD /* MainTabBarViewController.h */ = {isa = PBXFileReference; fileEncoding = 4; lastKnownFileType = sourcecode.c.h; path = MainTabBarViewController.h; sourceTree = "<group>"; };
		7B326DAA1FF2718800A4A7FD /* BaseViewController.h */ = {isa = PBXFileReference; fileEncoding = 4; lastKnownFileType = sourcecode.c.h; path = BaseViewController.h; sourceTree = "<group>"; };
		7B326DAB1FF2718800A4A7FD /* HomeViewController.h */ = {isa = PBXFileReference; fileEncoding = 4; lastKnownFileType = sourcecode.c.h; path = HomeViewController.h; sourceTree = "<group>"; };
		7B326DAC1FF2718800A4A7FD /* SettingViewController.m */ = {isa = PBXFileReference; fileEncoding = 4; lastKnownFileType = sourcecode.c.objc; path = SettingViewController.m; sourceTree = "<group>"; };
		7B326DAD1FF2718900A4A7FD /* MainTabBarViewController.m */ = {isa = PBXFileReference; fileEncoding = 4; lastKnownFileType = sourcecode.c.objc; path = MainTabBarViewController.m; sourceTree = "<group>"; };
		7B326DAE1FF2718900A4A7FD /* BaseViewController.m */ = {isa = PBXFileReference; fileEncoding = 4; lastKnownFileType = sourcecode.c.objc; path = BaseViewController.m; sourceTree = "<group>"; };
		7B326DB41FF2729B00A4A7FD /* UIView+Extension.h */ = {isa = PBXFileReference; lastKnownFileType = sourcecode.c.h; path = "UIView+Extension.h"; sourceTree = "<group>"; };
		7B326DB51FF2729B00A4A7FD /* UIView+Extension.m */ = {isa = PBXFileReference; lastKnownFileType = sourcecode.c.objc; path = "UIView+Extension.m"; sourceTree = "<group>"; };
		7B326DB71FF273A000A4A7FD /* NSString+Extension.h */ = {isa = PBXFileReference; lastKnownFileType = sourcecode.c.h; path = "NSString+Extension.h"; sourceTree = "<group>"; };
		7B326DB81FF273A000A4A7FD /* NSString+Extension.m */ = {isa = PBXFileReference; lastKnownFileType = sourcecode.c.objc; path = "NSString+Extension.m"; sourceTree = "<group>"; };
		7B326DBD1FF274D800A4A7FD /* UIColor+Extension.h */ = {isa = PBXFileReference; lastKnownFileType = sourcecode.c.h; path = "UIColor+Extension.h"; sourceTree = "<group>"; };
		7B326DBE1FF274D800A4A7FD /* UIColor+Extension.m */ = {isa = PBXFileReference; lastKnownFileType = sourcecode.c.objc; path = "UIColor+Extension.m"; sourceTree = "<group>"; };
		7B326DC01FF2765E00A4A7FD /* UIButton+Extension.h */ = {isa = PBXFileReference; lastKnownFileType = sourcecode.c.h; path = "UIButton+Extension.h"; sourceTree = "<group>"; };
		7B326DC11FF2765E00A4A7FD /* UIButton+Extension.m */ = {isa = PBXFileReference; lastKnownFileType = sourcecode.c.objc; path = "UIButton+Extension.m"; sourceTree = "<group>"; };
		7B326DC31FF2780000A4A7FD /* LCWebview.h */ = {isa = PBXFileReference; fileEncoding = 4; lastKnownFileType = sourcecode.c.h; path = LCWebview.h; sourceTree = "<group>"; };
		7B326DC41FF2780000A4A7FD /* LCWebview.m */ = {isa = PBXFileReference; fileEncoding = 4; lastKnownFileType = sourcecode.c.objc; path = LCWebview.m; sourceTree = "<group>"; };
		7B326DC61FF2780F00A4A7FD /* LCButton.h */ = {isa = PBXFileReference; fileEncoding = 4; lastKnownFileType = sourcecode.c.h; path = LCButton.h; sourceTree = "<group>"; };
		7B326DC71FF2780F00A4A7FD /* LCButton.m */ = {isa = PBXFileReference; fileEncoding = 4; lastKnownFileType = sourcecode.c.objc; path = LCButton.m; sourceTree = "<group>"; };
		7B326DC91FF2784100A4A7FD /* LCRegularTool.m */ = {isa = PBXFileReference; fileEncoding = 4; lastKnownFileType = sourcecode.c.objc; path = LCRegularTool.m; sourceTree = "<group>"; };
		7B326DCA1FF2784100A4A7FD /* LCRegularTool.h */ = {isa = PBXFileReference; fileEncoding = 4; lastKnownFileType = sourcecode.c.h; path = LCRegularTool.h; sourceTree = "<group>"; };
		7B326DD01FF27D3B00A4A7FD /* CustomBadgeViewController.m */ = {isa = PBXFileReference; fileEncoding = 4; lastKnownFileType = sourcecode.c.objc; path = CustomBadgeViewController.m; sourceTree = "<group>"; };
		7B326DD11FF27D3B00A4A7FD /* CustomBadgeViewController.h */ = {isa = PBXFileReference; fileEncoding = 4; lastKnownFileType = sourcecode.c.h; path = CustomBadgeViewController.h; sourceTree = "<group>"; };
		7B326DD31FF27D5400A4A7FD /* CustomBadgeView.h */ = {isa = PBXFileReference; lastKnownFileType = sourcecode.c.h; path = CustomBadgeView.h; sourceTree = "<group>"; };
		7B326DD41FF27D5400A4A7FD /* CustomBadgeView.m */ = {isa = PBXFileReference; lastKnownFileType = sourcecode.c.objc; path = CustomBadgeView.m; sourceTree = "<group>"; };
		7B326DD61FF3933900A4A7FD /* UIView+DCAnimationKit.h */ = {isa = PBXFileReference; fileEncoding = 4; lastKnownFileType = sourcecode.c.h; path = "UIView+DCAnimationKit.h"; sourceTree = "<group>"; };
		7B326DD71FF3933A00A4A7FD /* UIView+DCAnimationKit.m */ = {isa = PBXFileReference; fileEncoding = 4; lastKnownFileType = sourcecode.c.objc; path = "UIView+DCAnimationKit.m"; sourceTree = "<group>"; };
		7B326DD91FF393D900A4A7FD /* OrderDBManager.h */ = {isa = PBXFileReference; fileEncoding = 4; lastKnownFileType = sourcecode.c.h; path = OrderDBManager.h; sourceTree = "<group>"; };
		7B326DDA1FF393DA00A4A7FD /* OrderDBManager.m */ = {isa = PBXFileReference; fileEncoding = 4; lastKnownFileType = sourcecode.c.objc; path = OrderDBManager.m; sourceTree = "<group>"; };
		7B326DE61FF3962800A4A7FD /* LCWebViewController.h */ = {isa = PBXFileReference; lastKnownFileType = sourcecode.c.h; path = LCWebViewController.h; sourceTree = "<group>"; };
		7B326DE71FF3962800A4A7FD /* LCWebViewController.m */ = {isa = PBXFileReference; lastKnownFileType = sourcecode.c.objc; path = LCWebViewController.m; sourceTree = "<group>"; };
/* End PBXFileReference section */

/* Begin PBXFrameworksBuildPhase section */
		7B326D611FF261A100A4A7FD /* Frameworks */ = {
			isa = PBXFrameworksBuildPhase;
			buildActionMask = 2147483647;
			files = (
			);
			runOnlyForDeploymentPostprocessing = 0;
		};
/* End PBXFrameworksBuildPhase section */

/* Begin PBXGroup section */
		7B326D5B1FF261A000A4A7FD = {
			isa = PBXGroup;
			children = (
				7B326D661FF261A100A4A7FD /* LCBeeSDK */,
				7B326D651FF261A100A4A7FD /* Products */,
			);
			sourceTree = "<group>";
		};
		7B326D651FF261A100A4A7FD /* Products */ = {
			isa = PBXGroup;
			children = (
				7B326D641FF261A100A4A7FD /* LCBeeSDK.app */,
			);
			name = Products;
			sourceTree = "<group>";
		};
		7B326D661FF261A100A4A7FD /* LCBeeSDK */ = {
			isa = PBXGroup;
			children = (
				7B326D811FF2662100A4A7FD /* LCBeeSDKDemo */,
				7B326D7F1FF265ED00A4A7FD /* CategoryPackage */,
				7B326D7E1FF265ED00A4A7FD /* NetPackage */,
				7B326D7D1FF265ED00A4A7FD /* ToolPackage */,
				7B326D801FF265ED00A4A7FD /* UIPackage */,
				7B326D671FF261A100A4A7FD /* AppDelegate.h */,
				7B326D681FF261A100A4A7FD /* AppDelegate.m */,
				7B326D6A1FF261A100A4A7FD /* ViewController.h */,
				7B326D6B1FF261A100A4A7FD /* ViewController.m */,
				7B326D6D1FF261A100A4A7FD /* Main.storyboard */,
				7B326D701FF261A100A4A7FD /* Assets.xcassets */,
				7B326D721FF261A100A4A7FD /* LaunchScreen.storyboard */,
				7B326D751FF261A100A4A7FD /* Info.plist */,
				7B326D761FF261A100A4A7FD /* main.m */,
			);
			path = LCBeeSDK;
			sourceTree = "<group>";
		};
		7B326D7D1FF265ED00A4A7FD /* ToolPackage */ = {
			isa = PBXGroup;
			children = (
				7B326DD91FF393D900A4A7FD /* OrderDBManager.h */,
				7B326DDA1FF393DA00A4A7FD /* OrderDBManager.m */,
				7B326DCA1FF2784100A4A7FD /* LCRegularTool.h */,
				7B326DC91FF2784100A4A7FD /* LCRegularTool.m */,
				7B326D911FF26D1100A4A7FD /* Macro */,
			);
			path = ToolPackage;
			sourceTree = "<group>";
		};
		7B326D7E1FF265ED00A4A7FD /* NetPackage */ = {
			isa = PBXGroup;
			children = (
			);
			path = NetPackage;
			sourceTree = "<group>";
		};
		7B326D7F1FF265ED00A4A7FD /* CategoryPackage */ = {
			isa = PBXGroup;
			children = (
				7B326DD61FF3933900A4A7FD /* UIView+DCAnimationKit.h */,
				7B326DD71FF3933A00A4A7FD /* UIView+DCAnimationKit.m */,
				7B326DB41FF2729B00A4A7FD /* UIView+Extension.h */,
				7B326DB51FF2729B00A4A7FD /* UIView+Extension.m */,
				7B326DB71FF273A000A4A7FD /* NSString+Extension.h */,
				7B326DB81FF273A000A4A7FD /* NSString+Extension.m */,
				7B326DBD1FF274D800A4A7FD /* UIColor+Extension.h */,
				7B326DBE1FF274D800A4A7FD /* UIColor+Extension.m */,
				7B326DC01FF2765E00A4A7FD /* UIButton+Extension.h */,
				7B326DC11FF2765E00A4A7FD /* UIButton+Extension.m */,
			);
			path = CategoryPackage;
			sourceTree = "<group>";
		};
		7B326D801FF265ED00A4A7FD /* UIPackage */ = {
			isa = PBXGroup;
			children = (
				7B326DC61FF2780F00A4A7FD /* LCButton.h */,
				7B326DC71FF2780F00A4A7FD /* LCButton.m */,
				7B326DC31FF2780000A4A7FD /* LCWebview.h */,
				7B326DC41FF2780000A4A7FD /* LCWebview.m */,
			);
			path = UIPackage;
			sourceTree = "<group>";
		};
		7B326D811FF2662100A4A7FD /* LCBeeSDKDemo */ = {
			isa = PBXGroup;
			children = (
				7B326DE51FF3961000A4A7FD /* webview */,
				7B326DCF1FF27D3B00A4A7FD /* CustomBadge */,
				7B326DAA1FF2718800A4A7FD /* BaseViewController.h */,
				7B326DAE1FF2718900A4A7FD /* BaseViewController.m */,
				7B326DAB1FF2718800A4A7FD /* HomeViewController.h */,
				7B326DA81FF2718800A4A7FD /* HomeViewController.m */,
				7B326DA61FF2718800A4A7FD /* MainNavigationController.h */,
				7B326DA71FF2718800A4A7FD /* MainNavigationController.m */,
				7B326DA91FF2718800A4A7FD /* MainTabBarViewController.h */,
				7B326DAD1FF2718900A4A7FD /* MainTabBarViewController.m */,
				7B326DA51FF2718800A4A7FD /* SettingViewController.h */,
				7B326DAC1FF2718800A4A7FD /* SettingViewController.m */,
			);
			path = LCBeeSDKDemo;
			sourceTree = "<group>";
		};
		7B326D911FF26D1100A4A7FD /* Macro */ = {
			isa = PBXGroup;
			children = (
				7B326D941FF26D1100A4A7FD /* Macro.h */,
			);
			path = Macro;
			sourceTree = "<group>";
		};
		7B326DCF1FF27D3B00A4A7FD /* CustomBadge */ = {
			isa = PBXGroup;
			children = (
				7B326DD01FF27D3B00A4A7FD /* CustomBadgeViewController.m */,
				7B326DD11FF27D3B00A4A7FD /* CustomBadgeViewController.h */,
				7B326DD31FF27D5400A4A7FD /* CustomBadgeView.h */,
				7B326DD41FF27D5400A4A7FD /* CustomBadgeView.m */,
			);
			path = CustomBadge;
			sourceTree = "<group>";
		};
		7B326DE51FF3961000A4A7FD /* webview */ = {
			isa = PBXGroup;
			children = (
				7B326DE61FF3962800A4A7FD /* LCWebViewController.h */,
				7B326DE71FF3962800A4A7FD /* LCWebViewController.m */,
			);
			path = webview;
			sourceTree = "<group>";
		};
/* End PBXGroup section */

/* Begin PBXNativeTarget section */
		7B326D631FF261A100A4A7FD /* LCBeeSDK */ = {
			isa = PBXNativeTarget;
			buildConfigurationList = 7B326D7A1FF261A100A4A7FD /* Build configuration list for PBXNativeTarget "LCBeeSDK" */;
			buildPhases = (
				7B326D601FF261A100A4A7FD /* Sources */,
				7B326D611FF261A100A4A7FD /* Frameworks */,
				7B326D621FF261A100A4A7FD /* Resources */,
			);
			buildRules = (
			);
			dependencies = (
			);
			name = LCBeeSDK;
			productName = LCBeeSDK;
			productReference = 7B326D641FF261A100A4A7FD /* LCBeeSDK.app */;
			productType = "com.apple.product-type.application";
		};
/* End PBXNativeTarget section */

/* Begin PBXProject section */
		7B326D5C1FF261A000A4A7FD /* Project object */ = {
			isa = PBXProject;
			attributes = {
				LastUpgradeCheck = 0910;
				ORGANIZATIONNAME = yuchanglin;
				TargetAttributes = {
					7B326D631FF261A100A4A7FD = {
						CreatedOnToolsVersion = 9.1;
						ProvisioningStyle = Automatic;
					};
				};
			};
			buildConfigurationList = 7B326D5F1FF261A000A4A7FD /* Build configuration list for PBXProject "LCBeeSDK" */;
			compatibilityVersion = "Xcode 8.0";
			developmentRegion = en;
			hasScannedForEncodings = 0;
			knownRegions = (
				en,
				Base,
			);
			mainGroup = 7B326D5B1FF261A000A4A7FD;
			productRefGroup = 7B326D651FF261A100A4A7FD /* Products */;
			projectDirPath = "";
			projectRoot = "";
			targets = (
				7B326D631FF261A100A4A7FD /* LCBeeSDK */,
			);
		};
/* End PBXProject section */

/* Begin PBXResourcesBuildPhase section */
		7B326D621FF261A100A4A7FD /* Resources */ = {
			isa = PBXResourcesBuildPhase;
			buildActionMask = 2147483647;
			files = (
				7B326D741FF261A100A4A7FD /* LaunchScreen.storyboard in Resources */,
				7B326D711FF261A100A4A7FD /* Assets.xcassets in Resources */,
				7B326D6F1FF261A100A4A7FD /* Main.storyboard in Resources */,
			);
			runOnlyForDeploymentPostprocessing = 0;
		};
/* End PBXResourcesBuildPhase section */

/* Begin PBXSourcesBuildPhase section */
		7B326D601FF261A100A4A7FD /* Sources */ = {
			isa = PBXSourcesBuildPhase;
			buildActionMask = 2147483647;
			files = (
				7B326DB61FF2729B00A4A7FD /* UIView+Extension.m in Sources */,
				7B326DC51FF2780000A4A7FD /* LCWebview.m in Sources */,
				7B326DB21FF2718900A4A7FD /* MainTabBarViewController.m in Sources */,
				7B326DE81FF3962800A4A7FD /* LCWebViewController.m in Sources */,
				7B326DD21FF27D3C00A4A7FD /* CustomBadgeViewController.m in Sources */,
				7B326DB31FF2718900A4A7FD /* BaseViewController.m in Sources */,
				7B326DD51FF27D5400A4A7FD /* CustomBadgeView.m in Sources */,
				7B326DCB1FF2784200A4A7FD /* LCRegularTool.m in Sources */,
				7B326D6C1FF261A100A4A7FD /* ViewController.m in Sources */,
				7B326D771FF261A100A4A7FD /* main.m in Sources */,
				7B326DDB1FF393DA00A4A7FD /* OrderDBManager.m in Sources */,
				7B326DB91FF273A000A4A7FD /* NSString+Extension.m in Sources */,
				7B326DAF1FF2718900A4A7FD /* MainNavigationController.m in Sources */,
				7B326DBF1FF274D800A4A7FD /* UIColor+Extension.m in Sources */,
				7B326DB01FF2718900A4A7FD /* HomeViewController.m in Sources */,
				7B326DC81FF2780F00A4A7FD /* LCButton.m in Sources */,
				7B326D691FF261A100A4A7FD /* AppDelegate.m in Sources */,
				7B326DD81FF3933A00A4A7FD /* UIView+DCAnimationKit.m in Sources */,
				7B326DC21FF2765E00A4A7FD /* UIButton+Extension.m in Sources */,
				7B326DB11FF2718900A4A7FD /* SettingViewController.m in Sources */,
			);
			runOnlyForDeploymentPostprocessing = 0;
		};
/* End PBXSourcesBuildPhase section */

/* Begin PBXVariantGroup section */
		7B326D6D1FF261A100A4A7FD /* Main.storyboard */ = {
			isa = PBXVariantGroup;
			children = (
				7B326D6E1FF261A100A4A7FD /* Base */,
			);
			name = Main.storyboard;
			sourceTree = "<group>";
		};
		7B326D721FF261A100A4A7FD /* LaunchScreen.storyboard */ = {
			isa = PBXVariantGroup;
			children = (
				7B326D731FF261A100A4A7FD /* Base */,
			);
			name = LaunchScreen.storyboard;
			sourceTree = "<group>";
		};
/* End PBXVariantGroup section */

/* Begin XCBuildConfiguration section */
		7B326D781FF261A100A4A7FD /* Debug */ = {
			isa = XCBuildConfiguration;
			buildSettings = {
				ALWAYS_SEARCH_USER_PATHS = NO;
				CLANG_ANALYZER_NONNULL = YES;
				CLANG_ANALYZER_NUMBER_OBJECT_CONVERSION = YES_AGGRESSIVE;
				CLANG_CXX_LANGUAGE_STANDARD = "gnu++14";
				CLANG_CXX_LIBRARY = "libc++";
				CLANG_ENABLE_MODULES = YES;
				CLANG_ENABLE_OBJC_ARC = YES;
				CLANG_WARN_BLOCK_CAPTURE_AUTORELEASING = YES;
				CLANG_WARN_BOOL_CONVERSION = YES;
				CLANG_WARN_COMMA = YES;
				CLANG_WARN_CONSTANT_CONVERSION = YES;
				CLANG_WARN_DIRECT_OBJC_ISA_USAGE = YES_ERROR;
				CLANG_WARN_DOCUMENTATION_COMMENTS = YES;
				CLANG_WARN_EMPTY_BODY = YES;
				CLANG_WARN_ENUM_CONVERSION = YES;
				CLANG_WARN_INFINITE_RECURSION = YES;
				CLANG_WARN_INT_CONVERSION = YES;
				CLANG_WARN_NON_LITERAL_NULL_CONVERSION = YES;
				CLANG_WARN_OBJC_LITERAL_CONVERSION = YES;
				CLANG_WARN_OBJC_ROOT_CLASS = YES_ERROR;
				CLANG_WARN_RANGE_LOOP_ANALYSIS = YES;
				CLANG_WARN_STRICT_PROTOTYPES = YES;
				CLANG_WARN_SUSPICIOUS_MOVE = YES;
				CLANG_WARN_UNGUARDED_AVAILABILITY = YES_AGGRESSIVE;
				CLANG_WARN_UNREACHABLE_CODE = YES;
				CLANG_WARN__DUPLICATE_METHOD_MATCH = YES;
				CODE_SIGN_IDENTITY = "iPhone Developer";
				COPY_PHASE_STRIP = NO;
				DEBUG_INFORMATION_FORMAT = dwarf;
				ENABLE_STRICT_OBJC_MSGSEND = YES;
				ENABLE_TESTABILITY = YES;
				GCC_C_LANGUAGE_STANDARD = gnu11;
				GCC_DYNAMIC_NO_PIC = NO;
				GCC_NO_COMMON_BLOCKS = YES;
				GCC_OPTIMIZATION_LEVEL = 0;
				GCC_PREPROCESSOR_DEFINITIONS = (
					"DEBUG=1",
					"$(inherited)",
				);
				GCC_WARN_64_TO_32_BIT_CONVERSION = YES;
				GCC_WARN_ABOUT_RETURN_TYPE = YES_ERROR;
				GCC_WARN_UNDECLARED_SELECTOR = YES;
				GCC_WARN_UNINITIALIZED_AUTOS = YES_AGGRESSIVE;
				GCC_WARN_UNUSED_FUNCTION = YES;
				GCC_WARN_UNUSED_VARIABLE = YES;
				IPHONEOS_DEPLOYMENT_TARGET = 11.1;
				MTL_ENABLE_DEBUG_INFO = YES;
				ONLY_ACTIVE_ARCH = YES;
				SDKROOT = iphoneos;
			};
			name = Debug;
		};
		7B326D791FF261A100A4A7FD /* Release */ = {
			isa = XCBuildConfiguration;
			buildSettings = {
				ALWAYS_SEARCH_USER_PATHS = NO;
				CLANG_ANALYZER_NONNULL = YES;
				CLANG_ANALYZER_NUMBER_OBJECT_CONVERSION = YES_AGGRESSIVE;
				CLANG_CXX_LANGUAGE_STANDARD = "gnu++14";
				CLANG_CXX_LIBRARY = "libc++";
				CLANG_ENABLE_MODULES = YES;
				CLANG_ENABLE_OBJC_ARC = YES;
				CLANG_WARN_BLOCK_CAPTURE_AUTORELEASING = YES;
				CLANG_WARN_BOOL_CONVERSION = YES;
				CLANG_WARN_COMMA = YES;
				CLANG_WARN_CONSTANT_CONVERSION = YES;
				CLANG_WARN_DIRECT_OBJC_ISA_USAGE = YES_ERROR;
				CLANG_WARN_DOCUMENTATION_COMMENTS = YES;
				CLANG_WARN_EMPTY_BODY = YES;
				CLANG_WARN_ENUM_CONVERSION = YES;
				CLANG_WARN_INFINITE_RECURSION = YES;
				CLANG_WARN_INT_CONVERSION = YES;
				CLANG_WARN_NON_LITERAL_NULL_CONVERSION = YES;
				CLANG_WARN_OBJC_LITERAL_CONVERSION = YES;
				CLANG_WARN_OBJC_ROOT_CLASS = YES_ERROR;
				CLANG_WARN_RANGE_LOOP_ANALYSIS = YES;
				CLANG_WARN_STRICT_PROTOTYPES = YES;
				CLANG_WARN_SUSPICIOUS_MOVE = YES;
				CLANG_WARN_UNGUARDED_AVAILABILITY = YES_AGGRESSIVE;
				CLANG_WARN_UNREACHABLE_CODE = YES;
				CLANG_WARN__DUPLICATE_METHOD_MATCH = YES;
				CODE_SIGN_IDENTITY = "iPhone Developer";
				COPY_PHASE_STRIP = NO;
				DEBUG_INFORMATION_FORMAT = "dwarf-with-dsym";
				ENABLE_NS_ASSERTIONS = NO;
				ENABLE_STRICT_OBJC_MSGSEND = YES;
				GCC_C_LANGUAGE_STANDARD = gnu11;
				GCC_NO_COMMON_BLOCKS = YES;
				GCC_WARN_64_TO_32_BIT_CONVERSION = YES;
				GCC_WARN_ABOUT_RETURN_TYPE = YES_ERROR;
				GCC_WARN_UNDECLARED_SELECTOR = YES;
				GCC_WARN_UNINITIALIZED_AUTOS = YES_AGGRESSIVE;
				GCC_WARN_UNUSED_FUNCTION = YES;
				GCC_WARN_UNUSED_VARIABLE = YES;
				IPHONEOS_DEPLOYMENT_TARGET = 11.1;
				MTL_ENABLE_DEBUG_INFO = NO;
				SDKROOT = iphoneos;
				VALIDATE_PRODUCT = YES;
			};
			name = Release;
		};
		7B326D7B1FF261A100A4A7FD /* Debug */ = {
			isa = XCBuildConfiguration;
			buildSettings = {
				ASSETCATALOG_COMPILER_APPICON_NAME = AppIcon;
				CODE_SIGN_STYLE = Automatic;
				DEVELOPMENT_TEAM = CZEUVTKQ68;
				INFOPLIST_FILE = LCBeeSDK/Info.plist;
				IPHONEOS_DEPLOYMENT_TARGET = 8.0;
				LD_RUNPATH_SEARCH_PATHS = "$(inherited) @executable_path/Frameworks";
				PRODUCT_BUNDLE_IDENTIFIER = com.bee.LCBeeSDK;
				PRODUCT_NAME = "$(TARGET_NAME)";
				TARGETED_DEVICE_FAMILY = "1,2";
			};
			name = Debug;
		};
		7B326D7C1FF261A100A4A7FD /* Release */ = {
			isa = XCBuildConfiguration;
			buildSettings = {
				ASSETCATALOG_COMPILER_APPICON_NAME = AppIcon;
				CODE_SIGN_STYLE = Automatic;
				DEVELOPMENT_TEAM = CZEUVTKQ68;
				INFOPLIST_FILE = LCBeeSDK/Info.plist;
				IPHONEOS_DEPLOYMENT_TARGET = 8.0;
				LD_RUNPATH_SEARCH_PATHS = "$(inherited) @executable_path/Frameworks";
				PRODUCT_BUNDLE_IDENTIFIER = com.bee.LCBeeSDK;
				PRODUCT_NAME = "$(TARGET_NAME)";
				TARGETED_DEVICE_FAMILY = "1,2";
			};
			name = Release;
		};
/* End XCBuildConfiguration section */

/* Begin XCConfigurationList section */
		7B326D5F1FF261A000A4A7FD /* Build configuration list for PBXProject "LCBeeSDK" */ = {
			isa = XCConfigurationList;
			buildConfigurations = (
				7B326D781FF261A100A4A7FD /* Debug */,
				7B326D791FF261A100A4A7FD /* Release */,
			);
			defaultConfigurationIsVisible = 0;
			defaultConfigurationName = Release;
		};
		7B326D7A1FF261A100A4A7FD /* Build configuration list for PBXNativeTarget "LCBeeSDK" */ = {
			isa = XCConfigurationList;
			buildConfigurations = (
				7B326D7B1FF261A100A4A7FD /* Debug */,
				7B326D7C1FF261A100A4A7FD /* Release */,
			);
			defaultConfigurationIsVisible = 0;
			defaultConfigurationName = Release;
		};
/* End XCConfigurationList section */
	};
	rootObject = 7B326D5C1FF261A000A4A7FD /* Project object */;
}
